
Microsoft Visual Studio Solution File, Format Version 12.00
# Visual Studio 15
VisualStudioVersion = 15.0.28307.1209
MinimumVisualStudioVersion = 10.0.40219.1
Project("{FAE04EC0-301F-11D3-BF4B-00C04F79EFBC}") = "App1.Android", "App1\App1.Android\App1.Android.csproj", "{4A0036F1-ACE2-407C-9190-1C34D4B653C4}"
EndProject
Project("{FAE04EC0-301F-11D3-BF4B-00C04F79EFBC}") = "App1", "App1\App1\App1.csproj", "{AA9F79A9-5ECF-4A55-B831-21D07B6750AF}"
EndProject
Global
	GlobalSection(SolutionConfigurationPlatforms) = preSolution
		Debug|Any CPU = Debug|Any CPU
		Release|Any CPU = Release|Any CPU
	EndGlobalSection
	GlobalSection(ProjectConfigurationPlatforms) = postSolution
		{4A0036F1-ACE2-407C-9190-1C34D4B653C4}.Debug|Any CPU.ActiveCfg = Debug|Any CPU
		{4A0036F1-ACE2-407C-9190-1C34D4B653C4}.Debug|Any CPU.Build.0 = Debug|Any CPU
		{4A0036F1-ACE2-407C-9190-1C34D4B653C4}.Debug|Any CPU.Deploy.0 = Debug|Any CPU
		{4A0036F1-ACE2-407C-9190-1C34D4B653C4}.Release|Any CPU.ActiveCfg = Release|Any CPU
		{4A0036F1-ACE2-407C-9190-1C34D4B653C4}.Release|Any CPU.Build.0 = Release|Any CPU
		{4A0036F1-ACE2-407C-9190-1C34D4B653C4}.Release|Any CPU.Deploy.0 = Release|Any CPU
		{AA9F79A9-5ECF-4A55-B831-21D07B6750AF}.Debug|Any CPU.ActiveCfg = Debug|Any CPU
		{AA9F79A9-5ECF-4A55-B831-21D07B6750AF}.Debug|Any CPU.Build.0 = Debug|Any CPU
		{AA9F79A9-5ECF-4A55-B831-21D07B6750AF}.Debug|Any CPU.Deploy.0 = Debug|Any CPU
		{AA9F79A9-5ECF-4A55-B831-21D07B6750AF}.Release|Any CPU.ActiveCfg = Release|Any CPU
		{AA9F79A9-5ECF-4A55-B831-21D07B6750AF}.Release|Any CPU.Build.0 = Release|Any CPU
		{AA9F79A9-5ECF-4A55-B831-21D07B6750AF}.Release|Any CPU.Deploy.0 = Release|Any CPU
	EndGlobalSection
	GlobalSection(SolutionProperties) = preSolution
		HideSolutionNode = FALSE
	EndGlobalSection
	GlobalSection(ExtensibilityGlobals) = postSolution
		SolutionGuid = {41B8B972-598A-43B9-ADC2-32BBA707253D}
	EndGlobalSection
EndGlobal
